// !$*UTF8*$!
{
	archiveVersion = 1;
	classes = {
	};
	objectVersion = 46;
	objects = {

/* Begin PBXBuildFile section */
		10C3405E19929FEA00CDE002 /* Foundation.framework in Frameworks */ = {isa = PBXBuildFile; fileRef = 10C3405D19929FEA00CDE002 /* Foundation.framework */; };
		10C3406019929FEA00CDE002 /* CoreGraphics.framework in Frameworks */ = {isa = PBXBuildFile; fileRef = 10C3405F19929FEA00CDE002 /* CoreGraphics.framework */; };
		10C3406219929FEA00CDE002 /* UIKit.framework in Frameworks */ = {isa = PBXBuildFile; fileRef = 10C3406119929FEA00CDE002 /* UIKit.framework */; };
		10C3406819929FEA00CDE002 /* InfoPlist.strings in Resources */ = {isa = PBXBuildFile; fileRef = 10C3406619929FEA00CDE002 /* InfoPlist.strings */; };
		10C3406A19929FEA00CDE002 /* main.m in Sources */ = {isa = PBXBuildFile; fileRef = 10C3406919929FEA00CDE002 /* main.m */; };
		10C3406E19929FEA00CDE002 /* DBMAppDelegate.m in Sources */ = {isa = PBXBuildFile; fileRef = 10C3406D19929FEA00CDE002 /* DBMAppDelegate.m */; };
		10C3407119929FEA00CDE002 /* Main.storyboard in Resources */ = {isa = PBXBuildFile; fileRef = 10C3406F19929FEA00CDE002 /* Main.storyboard */; };
		10C3407419929FEA00CDE002 /* DBMViewController.m in Sources */ = {isa = PBXBuildFile; fileRef = 10C3407319929FEA00CDE002 /* DBMViewController.m */; };
		10C3407619929FEA00CDE002 /* Images.xcassets in Resources */ = {isa = PBXBuildFile; fileRef = 10C3407519929FEA00CDE002 /* Images.xcassets */; };
		10C3407D19929FEA00CDE002 /* XCTest.framework in Frameworks */ = {isa = PBXBuildFile; fileRef = 10C3407C19929FEA00CDE002 /* XCTest.framework */; };
		10C3407E19929FEA00CDE002 /* Foundation.framework in Frameworks */ = {isa = PBXBuildFile; fileRef = 10C3405D19929FEA00CDE002 /* Foundation.framework */; };
		10C3407F19929FEA00CDE002 /* UIKit.framework in Frameworks */ = {isa = PBXBuildFile; fileRef = 10C3406119929FEA00CDE002 /* UIKit.framework */; };
		10C3408719929FEA00CDE002 /* InfoPlist.strings in Resources */ = {isa = PBXBuildFile; fileRef = 10C3408519929FEA00CDE002 /* InfoPlist.strings */; };
		10C3408919929FEA00CDE002 /* LearningCollectionView2Tests.m in Sources */ = {isa = PBXBuildFile; fileRef = 10C3408819929FEA00CDE002 /* LearningCollectionView2Tests.m */; };
		10C3409B1992A03400CDE002 /* firstScanPlane0.png in Resources */ = {isa = PBXBuildFile; fileRef = 10C340931992A03400CDE002 /* firstScanPlane0.png */; };
		10C3409C1992A03400CDE002 /* firstScanPlane1.png in Resources */ = {isa = PBXBuildFile; fileRef = 10C340941992A03400CDE002 /* firstScanPlane1.png */; };
		10C3409D1992A03400CDE002 /* firstScanPlane2.png in Resources */ = {isa = PBXBuildFile; fileRef = 10C340951992A03400CDE002 /* firstScanPlane2.png */; };
		10C3409E1992A03400CDE002 /* firstScanPlane3.png in Resources */ = {isa = PBXBuildFile; fileRef = 10C340961992A03400CDE002 /* firstScanPlane3.png */; };
		10C3409F1992A03400CDE002 /* firstScanPlane4.png in Resources */ = {isa = PBXBuildFile; fileRef = 10C340971992A03400CDE002 /* firstScanPlane4.png */; };
		10C340A01992A03400CDE002 /* firstScanPlane5.png in Resources */ = {isa = PBXBuildFile; fileRef = 10C340981992A03400CDE002 /* firstScanPlane5.png */; };
		10C340A11992A03400CDE002 /* firstScanPlane6.png in Resources */ = {isa = PBXBuildFile; fileRef = 10C340991992A03400CDE002 /* firstScanPlane6.png */; };
		10C340A21992A03400CDE002 /* firstScanPlane7.png in Resources */ = {isa = PBXBuildFile; fileRef = 10C3409A1992A03400CDE002 /* firstScanPlane7.png */; };
		10C340A51992A6E800CDE002 /* DBMSliceImageCell.m in Sources */ = {isa = PBXBuildFile; fileRef = 10C340A41992A6E800CDE002 /* DBMSliceImageCell.m */; };
		10FB275F19954BDB00B21CEF /* DBMSliceViewerViewController.m in Sources */ = {isa = PBXBuildFile; fileRef = 10FB275E19954BDB00B21CEF /* DBMSliceViewerViewController.m */; };
/* End PBXBuildFile section */

/* Begin PBXContainerItemProxy section */
		10C3408019929FEA00CDE002 /* PBXContainerItemProxy */ = {
			isa = PBXContainerItemProxy;
			containerPortal = 10C3405219929FEA00CDE002 /* Project object */;
			proxyType = 1;
			remoteGlobalIDString = 10C3405919929FEA00CDE002;
			remoteInfo = LearningCollectionView2;
		};
/* End PBXContainerItemProxy section */

/* Begin PBXFileReference section */
		10C3405A19929FEA00CDE002 /* LearningCollectionView2.app */ = {isa = PBXFileReference; explicitFileType = wrapper.application; includeInIndex = 0; path = LearningCollectionView2.app; sourceTree = BUILT_PRODUCTS_DIR; };
		10C3405D19929FEA00CDE002 /* Foundation.framework */ = {isa = PBXFileReference; lastKnownFileType = wrapper.framework; name = Foundation.framework; path = System/Library/Frameworks/Foundation.framework; sourceTree = SDKROOT; };
		10C3405F19929FEA00CDE002 /* CoreGraphics.framework */ = {isa = PBXFileReference; lastKnownFileType = wrapper.framework; name = CoreGraphics.framework; path = System/Library/Frameworks/CoreGraphics.framework; sourceTree = SDKROOT; };
		10C3406119929FEA00CDE002 /* UIKit.framework */ = {isa = PBXFileReference; lastKnownFileType = wrapper.framework; name = UIKit.framework; path = System/Library/Frameworks/UIKit.framework; sourceTree = SDKROOT; };
		10C3406519929FEA00CDE002 /* LearningCollectionView2-Info.plist */ = {isa = PBXFileReference; lastKnownFileType = text.plist.xml; path = "LearningCollectionView2-Info.plist"; sourceTree = "<group>"; };
		10C3406719929FEA00CDE002 /* en */ = {isa = PBXFileReference; lastKnownFileType = text.plist.strings; name = en; path = en.lproj/InfoPlist.strings; sourceTree = "<group>"; };
		10C3406919929FEA00CDE002 /* main.m */ = {isa = PBXFileReference; lastKnownFileType = sourcecode.c.objc; path = main.m; sourceTree = "<group>"; };
		10C3406B19929FEA00CDE002 /* LearningCollectionView2-Prefix.pch */ = {isa = PBXFileReference; lastKnownFileType = sourcecode.c.h; path = "LearningCollectionView2-Prefix.pch"; sourceTree = "<group>"; };
		10C3406C19929FEA00CDE002 /* DBMAppDelegate.h */ = {isa = PBXFileReference; lastKnownFileType = sourcecode.c.h; path = DBMAppDelegate.h; sourceTree = "<group>"; };
		10C3406D19929FEA00CDE002 /* DBMAppDelegate.m */ = {isa = PBXFileReference; lastKnownFileType = sourcecode.c.objc; path = DBMAppDelegate.m; sourceTree = "<group>"; };
		10C3407019929FEA00CDE002 /* Base */ = {isa = PBXFileReference; lastKnownFileType = file.storyboard; name = Base; path = Base.lproj/Main.storyboard; sourceTree = "<group>"; };
		10C3407219929FEA00CDE002 /* DBMViewController.h */ = {isa = PBXFileReference; lastKnownFileType = sourcecode.c.h; path = DBMViewController.h; sourceTree = "<group>"; };
		10C3407319929FEA00CDE002 /* DBMViewController.m */ = {isa = PBXFileReference; lastKnownFileType = sourcecode.c.objc; path = DBMViewController.m; sourceTree = "<group>"; };
		10C3407519929FEA00CDE002 /* Images.xcassets */ = {isa = PBXFileReference; lastKnownFileType = folder.assetcatalog; path = Images.xcassets; sourceTree = "<group>"; };
		10C3407B19929FEA00CDE002 /* LearningCollectionView2Tests.xctest */ = {isa = PBXFileReference; explicitFileType = wrapper.cfbundle; includeInIndex = 0; path = LearningCollectionView2Tests.xctest; sourceTree = BUILT_PRODUCTS_DIR; };
		10C3407C19929FEA00CDE002 /* XCTest.framework */ = {isa = PBXFileReference; lastKnownFileType = wrapper.framework; name = XCTest.framework; path = Library/Frameworks/XCTest.framework; sourceTree = DEVELOPER_DIR; };
		10C3408419929FEA00CDE002 /* LearningCollectionView2Tests-Info.plist */ = {isa = PBXFileReference; lastKnownFileType = text.plist.xml; path = "LearningCollectionView2Tests-Info.plist"; sourceTree = "<group>"; };
		10C3408619929FEA00CDE002 /* en */ = {isa = PBXFileReference; lastKnownFileType = text.plist.strings; name = en; path = en.lproj/InfoPlist.strings; sourceTree = "<group>"; };
		10C3408819929FEA00CDE002 /* LearningCollectionView2Tests.m */ = {isa = PBXFileReference; lastKnownFileType = sourcecode.c.objc; path = LearningCollectionView2Tests.m; sourceTree = "<group>"; };
		10C340931992A03400CDE002 /* firstScanPlane0.png */ = {isa = PBXFileReference; lastKnownFileType = image.png; path = firstScanPlane0.png; sourceTree = "<group>"; };
		10C340941992A03400CDE002 /* firstScanPlane1.png */ = {isa = PBXFileReference; lastKnownFileType = image.png; path = firstScanPlane1.png; sourceTree = "<group>"; };
		10C340951992A03400CDE002 /* firstScanPlane2.png */ = {isa = PBXFileReference; lastKnownFileType = image.png; path = firstScanPlane2.png; sourceTree = "<group>"; };
		10C340961992A03400CDE002 /* firstScanPlane3.png */ = {isa = PBXFileReference; lastKnownFileType = image.png; path = firstScanPlane3.png; sourceTree = "<group>"; };
		10C340971992A03400CDE002 /* firstScanPlane4.png */ = {isa = PBXFileReference; lastKnownFileType = image.png; path = firstScanPlane4.png; sourceTree = "<group>"; };
		10C340981992A03400CDE002 /* firstScanPlane5.png */ = {isa = PBXFileReference; lastKnownFileType = image.png; path = firstScanPlane5.png; sourceTree = "<group>"; };
		10C340991992A03400CDE002 /* firstScanPlane6.png */ = {isa = PBXFileReference; lastKnownFileType = image.png; path = firstScanPlane6.png; sourceTree = "<group>"; };
		10C3409A1992A03400CDE002 /* firstScanPlane7.png */ = {isa = PBXFileReference; lastKnownFileType = image.png; path = firstScanPlane7.png; sourceTree = "<group>"; };
		10C340A31992A6E800CDE002 /* DBMSliceImageCell.h */ = {isa = PBXFileReference; fileEncoding = 4; lastKnownFileType = sourcecode.c.h; path = DBMSliceImageCell.h; sourceTree = "<group>"; };
		10C340A41992A6E800CDE002 /* DBMSliceImageCell.m */ = {isa = PBXFileReference; fileEncoding = 4; lastKnownFileType = sourcecode.c.objc; path = DBMSliceImageCell.m; sourceTree = "<group>"; };
		10FB275D19954BDB00B21CEF /* DBMSliceViewerViewController.h */ = {isa = PBXFileReference; fileEncoding = 4; lastKnownFileType = sourcecode.c.h; path = DBMSliceViewerViewController.h; sourceTree = "<group>"; };
		10FB275E19954BDB00B21CEF /* DBMSliceViewerViewController.m */ = {isa = PBXFileReference; fileEncoding = 4; lastKnownFileType = sourcecode.c.objc; path = DBMSliceViewerViewController.m; sourceTree = "<group>"; };
/* End PBXFileReference section */

/* Begin PBXFrameworksBuildPhase section */
		10C3405719929FEA00CDE002 /* Frameworks */ = {
			isa = PBXFrameworksBuildPhase;
			buildActionMask = 2147483647;
			files = (
				10C3406019929FEA00CDE002 /* CoreGraphics.framework in Frameworks */,
				10C3406219929FEA00CDE002 /* UIKit.framework in Frameworks */,
				10C3405E19929FEA00CDE002 /* Foundation.framework in Frameworks */,
			);
			runOnlyForDeploymentPostprocessing = 0;
		};
		10C3407819929FEA00CDE002 /* Frameworks */ = {
			isa = PBXFrameworksBuildPhase;
			buildActionMask = 2147483647;
			files = (
				10C3407D19929FEA00CDE002 /* XCTest.framework in Frameworks */,
				10C3407F19929FEA00CDE002 /* UIKit.framework in Frameworks */,
				10C3407E19929FEA00CDE002 /* Foundation.framework in Frameworks */,
			);
			runOnlyForDeploymentPostprocessing = 0;
		};
/* End PBXFrameworksBuildPhase section */

/* Begin PBXGroup section */
		10C3405119929FEA00CDE002 = {
			isa = PBXGroup;
			children = (
				10C3406319929FEA00CDE002 /* LearningCollectionView2 */,
				10C3408219929FEA00CDE002 /* LearningCollectionView2Tests */,
				10C3405C19929FEA00CDE002 /* Frameworks */,
				10C3405B19929FEA00CDE002 /* Products */,
			);
			sourceTree = "<group>";
		};
		10C3405B19929FEA00CDE002 /* Products */ = {
			isa = PBXGroup;
			children = (
				10C3405A19929FEA00CDE002 /* LearningCollectionView2.app */,
				10C3407B19929FEA00CDE002 /* LearningCollectionView2Tests.xctest */,
			);
			name = Products;
			sourceTree = "<group>";
		};
		10C3405C19929FEA00CDE002 /* Frameworks */ = {
			isa = PBXGroup;
			children = (
				10C3405D19929FEA00CDE002 /* Foundation.framework */,
				10C3405F19929FEA00CDE002 /* CoreGraphics.framework */,
				10C3406119929FEA00CDE002 /* UIKit.framework */,
				10C3407C19929FEA00CDE002 /* XCTest.framework */,
			);
			name = Frameworks;
			sourceTree = "<group>";
		};
		10C3406319929FEA00CDE002 /* LearningCollectionView2 */ = {
			isa = PBXGroup;
			children = (
				10C340921992A00D00CDE002 /* Images */,
				10C3406C19929FEA00CDE002 /* DBMAppDelegate.h */,
				10C3406D19929FEA00CDE002 /* DBMAppDelegate.m */,
				10C3406F19929FEA00CDE002 /* Main.storyboard */,
				10C3407219929FEA00CDE002 /* DBMViewController.h */,
				10C3407319929FEA00CDE002 /* DBMViewController.m */,
				10FB275D19954BDB00B21CEF /* DBMSliceViewerViewController.h */,
				10FB275E19954BDB00B21CEF /* DBMSliceViewerViewController.m */,
				10C340A31992A6E800CDE002 /* DBMSliceImageCell.h */,
				10C340A41992A6E800CDE002 /* DBMSliceImageCell.m */,
				10C3407519929FEA00CDE002 /* Images.xcassets */,
				10C3406419929FEA00CDE002 /* Supporting Files */,
			);
			path = LearningCollectionView2;
			sourceTree = "<group>";
		};
		10C3406419929FEA00CDE002 /* Supporting Files */ = {
			isa = PBXGroup;
			children = (
				10C3406519929FEA00CDE002 /* LearningCollectionView2-Info.plist */,
				10C3406619929FEA00CDE002 /* InfoPlist.strings */,
				10C3406919929FEA00CDE002 /* main.m */,
				10C3406B19929FEA00CDE002 /* LearningCollectionView2-Prefix.pch */,
			);
			name = "Supporting Files";
			sourceTree = "<group>";
		};
		10C3408219929FEA00CDE002 /* LearningCollectionView2Tests */ = {
			isa = PBXGroup;
			children = (
				10C3408819929FEA00CDE002 /* LearningCollectionView2Tests.m */,
				10C3408319929FEA00CDE002 /* Supporting Files */,
			);
			path = LearningCollectionView2Tests;
			sourceTree = "<group>";
		};
		10C3408319929FEA00CDE002 /* Supporting Files */ = {
			isa = PBXGroup;
			children = (
				10C3408419929FEA00CDE002 /* LearningCollectionView2Tests-Info.plist */,
				10C3408519929FEA00CDE002 /* InfoPlist.strings */,
			);
			name = "Supporting Files";
			sourceTree = "<group>";
		};
		10C340921992A00D00CDE002 /* Images */ = {
			isa = PBXGroup;
			children = (
				10C340931992A03400CDE002 /* firstScanPlane0.png */,
				10C340941992A03400CDE002 /* firstScanPlane1.png */,
				10C340951992A03400CDE002 /* firstScanPlane2.png */,
				10C340961992A03400CDE002 /* firstScanPlane3.png */,
				10C340971992A03400CDE002 /* firstScanPlane4.png */,
				10C340981992A03400CDE002 /* firstScanPlane5.png */,
				10C340991992A03400CDE002 /* firstScanPlane6.png */,
				10C3409A1992A03400CDE002 /* firstScanPlane7.png */,
			);
			name = Images;
			sourceTree = "<group>";
		};
/* End PBXGroup section */

/* Begin PBXNativeTarget section */
		10C3405919929FEA00CDE002 /* LearningCollectionView2 */ = {
			isa = PBXNativeTarget;
			buildConfigurationList = 10C3408C19929FEA00CDE002 /* Build configuration list for PBXNativeTarget "LearningCollectionView2" */;
			buildPhases = (
				10C3405619929FEA00CDE002 /* Sources */,
				10C3405719929FEA00CDE002 /* Frameworks */,
				10C3405819929FEA00CDE002 /* Resources */,
			);
			buildRules = (
			);
			dependencies = (
			);
			name = LearningCollectionView2;
			productName = LearningCollectionView2;
			productReference = 10C3405A19929FEA00CDE002 /* LearningCollectionView2.app */;
			productType = "com.apple.product-type.application";
		};
		10C3407A19929FEA00CDE002 /* LearningCollectionView2Tests */ = {
			isa = PBXNativeTarget;
			buildConfigurationList = 10C3408F19929FEA00CDE002 /* Build configuration list for PBXNativeTarget "LearningCollectionView2Tests" */;
			buildPhases = (
				10C3407719929FEA00CDE002 /* Sources */,
				10C3407819929FEA00CDE002 /* Frameworks */,
				10C3407919929FEA00CDE002 /* Resources */,
			);
			buildRules = (
			);
			dependencies = (
				10C3408119929FEA00CDE002 /* PBXTargetDependency */,
			);
			name = LearningCollectionView2Tests;
			productName = LearningCollectionView2Tests;
			productReference = 10C3407B19929FEA00CDE002 /* LearningCollectionView2Tests.xctest */;
			productType = "com.apple.product-type.bundle.unit-test";
		};
/* End PBXNativeTarget section */

/* Begin PBXProject section */
		10C3405219929FEA00CDE002 /* Project object */ = {
			isa = PBXProject;
			attributes = {
				CLASSPREFIX = DBM;
				LastUpgradeCheck = 0510;
				ORGANIZATIONNAME = dBMEDx;
				TargetAttributes = {
					10C3407A19929FEA00CDE002 = {
						TestTargetID = 10C3405919929FEA00CDE002;
					};
				};
			};
			buildConfigurationList = 10C3405519929FEA00CDE002 /* Build configuration list for PBXProject "LearningCollectionView2" */;
			compatibilityVersion = "Xcode 3.2";
			developmentRegion = English;
			hasScannedForEncodings = 0;
			knownRegions = (
				en,
				Base,
			);
			mainGroup = 10C3405119929FEA00CDE002;
			productRefGroup = 10C3405B19929FEA00CDE002 /* Products */;
			projectDirPath = "";
			projectRoot = "";
			targets = (
				10C3405919929FEA00CDE002 /* LearningCollectionView2 */,
				10C3407A19929FEA00CDE002 /* LearningCollectionView2Tests */,
			);
		};
/* End PBXProject section */

/* Begin PBXResourcesBuildPhase section */
		10C3405819929FEA00CDE002 /* Resources */ = {
			isa = PBXResourcesBuildPhase;
			buildActionMask = 2147483647;
			files = (
				10C3409C1992A03400CDE002 /* firstScanPlane1.png in Resources */,
				10C3407619929FEA00CDE002 /* Images.xcassets in Resources */,
				10C340A01992A03400CDE002 /* firstScanPlane5.png in Resources */,
				10C3406819929FEA00CDE002 /* InfoPlist.strings in Resources */,
				10C340A21992A03400CDE002 /* firstScanPlane7.png in Resources */,
				10C3407119929FEA00CDE002 /* Main.storyboard in Resources */,
				10C340A11992A03400CDE002 /* firstScanPlane6.png in Resources */,
				10C3409B1992A03400CDE002 /* firstScanPlane0.png in Resources */,
				10C3409D1992A03400CDE002 /* firstScanPlane2.png in Resources */,
				10C3409E1992A03400CDE002 /* firstScanPlane3.png in Resources */,
				10C3409F1992A03400CDE002 /* firstScanPlane4.png in Resources */,
			);
			runOnlyForDeploymentPostprocessing = 0;
		};
		10C3407919929FEA00CDE002 /* Resources */ = {
			isa = PBXResourcesBuildPhase;
			buildActionMask = 2147483647;
			files = (
				10C3408719929FEA00CDE002 /* InfoPlist.strings in Resources */,
			);
			runOnlyForDeploymentPostprocessing = 0;
		};
/* End PBXResourcesBuildPhase section */

/* Begin PBXSourcesBuildPhase section */
		10C3405619929FEA00CDE002 /* Sources */ = {
			isa = PBXSourcesBuildPhase;
			buildActionMask = 2147483647;
			files = (
				10C340A51992A6E800CDE002 /* DBMSliceImageCell.m in Sources */,
				10C3406E19929FEA00CDE002 /* DBMAppDelegate.m in Sources */,
				10FB275F19954BDB00B21CEF /* DBMSliceViewerViewController.m in Sources */,
				10C3406A19929FEA00CDE002 /* main.m in Sources */,
				10C3407419929FEA00CDE002 /* DBMViewController.m in Sources */,
			);
			runOnlyForDeploymentPostprocessing = 0;
		};
		10C3407719929FEA00CDE002 /* Sources */ = {
			isa = PBXSourcesBuildPhase;
			buildActionMask = 2147483647;
			files = (
				10C3408919929FEA00CDE002 /* LearningCollectionView2Tests.m in Sources */,
			);
			runOnlyForDeploymentPostprocessing = 0;
		};
/* End PBXSourcesBuildPhase section */

/* Begin PBXTargetDependency section */
		10C3408119929FEA00CDE002 /* PBXTargetDependency */ = {
			isa = PBXTargetDependency;
			target = 10C3405919929FEA00CDE002 /* LearningCollectionView2 */;
			targetProxy = 10C3408019929FEA00CDE002 /* PBXContainerItemProxy */;
		};
/* End PBXTargetDependency section */

/* Begin PBXVariantGroup section */
		10C3406619929FEA00CDE002 /* InfoPlist.strings */ = {
			isa = PBXVariantGroup;
			children = (
				10C3406719929FEA00CDE002 /* en */,
			);
			name = InfoPlist.strings;
			sourceTree = "<group>";
		};
		10C3406F19929FEA00CDE002 /* Main.storyboard */ = {
			isa = PBXVariantGroup;
			children = (
				10C3407019929FEA00CDE002 /* Base */,
			);
			name = Main.storyboard;
			sourceTree = "<group>";
		};
		10C3408519929FEA00CDE002 /* InfoPlist.strings */ = {
			isa = PBXVariantGroup;
			children = (
				10C3408619929FEA00CDE002 /* en */,
			);
			name = InfoPlist.strings;
			sourceTree = "<group>";
		};
/* End PBXVariantGroup section */

/* Begin XCBuildConfiguration section */
		10C3408A19929FEA00CDE002 /* Debug */ = {
			isa = XCBuildConfiguration;
			buildSettings = {
				ALWAYS_SEARCH_USER_PATHS = NO;
				CLANG_CXX_LANGUAGE_STANDARD = "gnu++0x";
				CLANG_CXX_LIBRARY = "libc++";
				CLANG_ENABLE_MODULES = YES;
				CLANG_ENABLE_OBJC_ARC = YES;
				CLANG_WARN_BOOL_CONVERSION = YES;
				CLANG_WARN_CONSTANT_CONVERSION = YES;
				CLANG_WARN_DIRECT_OBJC_ISA_USAGE = YES_ERROR;
				CLANG_WARN_EMPTY_BODY = YES;
				CLANG_WARN_ENUM_CONVERSION = YES;
				CLANG_WARN_INT_CONVERSION = YES;
				CLANG_WARN_OBJC_ROOT_CLASS = YES_ERROR;
				CLANG_WARN__DUPLICATE_METHOD_MATCH = YES;
				"CODE_SIGN_IDENTITY[sdk=iphoneos*]" = "iPhone Developer";
				COPY_PHASE_STRIP = NO;
				GCC_C_LANGUAGE_STANDARD = gnu99;
				GCC_DYNAMIC_NO_PIC = NO;
				GCC_OPTIMIZATION_LEVEL = 0;
				GCC_PREPROCESSOR_DEFINITIONS = (
					"DEBUG=1",
					"$(inherited)",
				);
				GCC_SYMBOLS_PRIVATE_EXTERN = NO;
				GCC_WARN_64_TO_32_BIT_CONVERSION = YES;
				GCC_WARN_ABOUT_RETURN_TYPE = YES_ERROR;
				GCC_WARN_UNDECLARED_SELECTOR = YES;
				GCC_WARN_UNINITIALIZED_AUTOS = YES_AGGRESSIVE;
				GCC_WARN_UNUSED_FUNCTION = YES;
				GCC_WARN_UNUSED_VARIABLE = YES;
				IPHONEOS_DEPLOYMENT_TARGET = 7.1;
				ONLY_ACTIVE_ARCH = YES;
				SDKROOT = iphoneos;
			};
			name = Debug;
		};
		10C3408B19929FEA00CDE002 /* Release */ = {
			isa = XCBuildConfiguration;
			buildSettings = {
				ALWAYS_SEARCH_USER_PATHS = NO;
				CLANG_CXX_LANGUAGE_STANDARD = "gnu++0x";
				CLANG_CXX_LIBRARY = "libc++";
				CLANG_ENABLE_MODULES = YES;
				CLANG_ENABLE_OBJC_ARC = YES;
				CLANG_WARN_BOOL_CONVERSION = YES;
				CLANG_WARN_CONSTANT_CONVERSION = YES;
				CLANG_WARN_DIRECT_OBJC_ISA_USAGE = YES_ERROR;
				CLANG_WARN_EMPTY_BODY = YES;
				CLANG_WARN_ENUM_CONVERSION = YES;
				CLANG_WARN_INT_CONVERSION = YES;
				CLANG_WARN_OBJC_ROOT_CLASS = YES_ERROR;
				CLANG_WARN__DUPLICATE_METHOD_MATCH = YES;
				"CODE_SIGN_IDENTITY[sdk=iphoneos*]" = "iPhone Developer";
				COPY_PHASE_STRIP = YES;
				ENABLE_NS_ASSERTIONS = NO;
				GCC_C_LANGUAGE_STANDARD = gnu99;
				GCC_WARN_64_TO_32_BIT_CONVERSION = YES;
				GCC_WARN_ABOUT_RETURN_TYPE = YES_ERROR;
				GCC_WARN_UNDECLARED_SELECTOR = YES;
				GCC_WARN_UNINITIALIZED_AUTOS = YES_AGGRESSIVE;
				GCC_WARN_UNUSED_FUNCTION = YES;
				GCC_WARN_UNUSED_VARIABLE = YES;
				IPHONEOS_DEPLOYMENT_TARGET = 7.1;
				SDKROOT = iphoneos;
				VALIDATE_PRODUCT = YES;
			};
			name = Release;
		};
		10C3408D19929FEA00CDE002 /* Debug */ = {
			isa = XCBuildConfiguration;
			buildSettings = {
				ASSETCATALOG_COMPILER_APPICON_NAME = AppIcon;
				ASSETCATALOG_COMPILER_LAUNCHIMAGE_NAME = LaunchImage;
				GCC_PRECOMPILE_PREFIX_HEADER = YES;
				GCC_PREFIX_HEADER = "LearningCollectionView2/LearningCollectionView2-Prefix.pch";
				INFOPLIST_FILE = "LearningCollectionView2/LearningCollectionView2-Info.plist";
				PRODUCT_NAME = "$(TARGET_NAME)";
				WRAPPER_EXTENSION = app;
			};
			name = Debug;
		};
		10C3408E19929FEA00CDE002 /* Release */ = {
			isa = XCBuildConfiguration;
			buildSettings = {
				ASSETCATALOG_COMPILER_APPICON_NAME = AppIcon;
				ASSETCATALOG_COMPILER_LAUNCHIMAGE_NAME = LaunchImage;
				GCC_PRECOMPILE_PREFIX_HEADER = YES;
				GCC_PREFIX_HEADER = "LearningCollectionView2/LearningCollectionView2-Prefix.pch";
				INFOPLIST_FILE = "LearningCollectionView2/LearningCollectionView2-Info.plist";
				PRODUCT_NAME = "$(TARGET_NAME)";
				WRAPPER_EXTENSION = app;
			};
			name = Release;
		};
		10C3409019929FEA00CDE002 /* Debug */ = {
			isa = XCBuildConfiguration;
			buildSettings = {
				BUNDLE_LOADER = "$(BUILT_PRODUCTS_DIR)/LearningCollectionView2.app/LearningCollectionView2";
				FRAMEWORK_SEARCH_PATHS = (
					"$(SDKROOT)/Developer/Library/Frameworks",
					"$(inherited)",
					"$(DEVELOPER_FRAMEWORKS_DIR)",
				);
				GCC_PRECOMPILE_PREFIX_HEADER = YES;
				GCC_PREFIX_HEADER = "LearningCollectionView2/LearningCollectionView2-Prefix.pch";
				GCC_PREPROCESSOR_DEFINITIONS = (
					"DEBUG=1",
					"$(inherited)",
				);
				INFOPLIST_FILE = "LearningCollectionView2Tests/LearningCollectionView2Tests-Info.plist";
				PRODUCT_NAME = "$(TARGET_NAME)";
				TEST_HOST = "$(BUNDLE_LOADER)";
				WRAPPER_EXTENSION = xctest;
			};
			name = Debug;
		};
		10C3409119929FEA00CDE002 /* Release */ = {
			isa = XCBuildConfiguration;
			buildSettings = {
				BUNDLE_LOADER = "$(BUILT_PRODUCTS_DIR)/LearningCollectionView2.app/LearningCollectionView2";
				FRAMEWORK_SEARCH_PATHS = (
					"$(SDKROOT)/Developer/Library/Frameworks",
					"$(inherited)",
					"$(DEVELOPER_FRAMEWORKS_DIR)",
				);
				GCC_PRECOMPILE_PREFIX_HEADER = YES;
				GCC_PREFIX_HEADER = "LearningCollectionView2/LearningCollectionView2-Prefix.pch";
				INFOPLIST_FILE = "LearningCollectionView2Tests/LearningCollectionView2Tests-Info.plist";
				PRODUCT_NAME = "$(TARGET_NAME)";
				TEST_HOST = "$(BUNDLE_LOADER)";
				WRAPPER_EXTENSION = xctest;
			};
			name = Release;
		};
/* End XCBuildConfiguration section */

/* Begin XCConfigurationList section */
		10C3405519929FEA00CDE002 /* Build configuration list for PBXProject "LearningCollectionView2" */ = {
			isa = XCConfigurationList;
			buildConfigurations = (
				10C3408A19929FEA00CDE002 /* Debug */,
				10C3408B19929FEA00CDE002 /* Release */,
			);
			defaultConfigurationIsVisible = 0;
			defaultConfigurationName = Release;
		};
		10C3408C19929FEA00CDE002 /* Build configuration list for PBXNativeTarget "LearningCollectionView2" */ = {
			isa = XCConfigurationList;
			buildConfigurations = (
				10C3408D19929FEA00CDE002 /* Debug */,
				10C3408E19929FEA00CDE002 /* Release */,
			);
			defaultConfigurationIsVisible = 0;
			defaultConfigurationName = Release;
		};
		10C3408F19929FEA00CDE002 /* Build configuration list for PBXNativeTarget "LearningCollectionView2Tests" */ = {
			isa = XCConfigurationList;
			buildConfigurations = (
				10C3409019929FEA00CDE002 /* Debug */,
				10C3409119929FEA00CDE002 /* Release */,
			);
			defaultConfigurationIsVisible = 0;
			defaultConfigurationName = Release;
		};
/* End XCConfigurationList section */
	};
	rootObject = 10C3405219929FEA00CDE002 /* Project object */;
}
